
Microsoft Visual Studio Solution File, Format Version 12.00
# Visual Studio 15
VisualStudioVersion = 15.0.27703.2047
MinimumVisualStudioVersion = 10.0.40219.1
Project("{2150E333-8FDC-42A3-9474-1A3956D46DE8}") = "1 -Presentation", "1 -Presentation", "{F1686606-1893-4F3A-8F3C-35462149B7E2}"
EndProject
Project("{2150E333-8FDC-42A3-9474-1A3956D46DE8}") = "2 - Services", "2 - Services", "{58A6FFA1-B023-4BD9-81C8-B48B8676894B}"
EndProject
Project("{2150E333-8FDC-42A3-9474-1A3956D46DE8}") = "3 - Application", "3 - Application", "{77D7EAC3-E33C-41C5-836D-0C8D22DEA6FA}"
EndProject
Project("{2150E333-8FDC-42A3-9474-1A3956D46DE8}") = "4 - Domain", "4 - Domain", "{92EACBC9-3969-4EF1-BEAA-3AB84D5D8F66}"
EndProject
Project("{2150E333-8FDC-42A3-9474-1A3956D46DE8}") = "5 - Infra", "5 - Infra", "{727F9F47-269B-4F0E-8719-34479256734E}"
EndProject
Project("{2150E333-8FDC-42A3-9474-1A3956D46DE8}") = "5.1 - Data", "5.1 - Data", "{3A02F46F-015F-43C4-A858-7EF4CFBB142B}"
EndProject
Project("{2150E333-8FDC-42A3-9474-1A3956D46DE8}") = "5.2 - CrossCutting", "5.2 - CrossCutting", "{14170A58-662F-4860-B3D9-8A29A715D28B}"
EndProject
Global
	GlobalSection(SolutionProperties) = preSolution
		HideSolutionNode = FALSE
	EndGlobalSection
	GlobalSection(NestedProjects) = preSolution
		{3A02F46F-015F-43C4-A858-7EF4CFBB142B} = {727F9F47-269B-4F0E-8719-34479256734E}
		{14170A58-662F-4860-B3D9-8A29A715D28B} = {727F9F47-269B-4F0E-8719-34479256734E}
	EndGlobalSection
	GlobalSection(ExtensibilityGlobals) = postSolution
		SolutionGuid = {8A508C04-07A4-4759-85B4-DD2112E8B027}
	EndGlobalSection
EndGlobal
