{
  "name": "asp.net",
  "version": "1.0.0",
  "lockfileVersion": 1,
  "requires": true,
  "dependencies": {
    "vue": {
      "version": "2.1.10",
      "resolved": "https://registry.npmjs.org/vue/-/vue-2.1.10.tgz",
      "integrity": "sha1-ySNcpIx5JRN75YB4MqxOOsGAQns=",
      "dev": true
    }
  }
}
